// !$*UTF8*$!
{
	archiveVersion = 1;
	classes = {
	};
	objectVersion = 55;
	objects = {

/* Begin PBXBuildFile section */
		C618E66226D724DC007C88BB /* ChoiceAuthViewController.swift in Sources */ = {isa = PBXBuildFile; fileRef = C618E66126D724DC007C88BB /* ChoiceAuthViewController.swift */; };
		C6326B1926CC8189006257F3 /* LoginViewController.swift in Sources */ = {isa = PBXBuildFile; fileRef = C6326B1826CC8189006257F3 /* LoginViewController.swift */; };
		C6326B1B26CC84CB006257F3 /* MainViewController.swift in Sources */ = {isa = PBXBuildFile; fileRef = C6326B1A26CC84CB006257F3 /* MainViewController.swift */; };
		C6326B1F26CC84FF006257F3 /* FindIdViewController.swift in Sources */ = {isa = PBXBuildFile; fileRef = C6326B1E26CC84FF006257F3 /* FindIdViewController.swift */; };
		C6326B2126CC852E006257F3 /* FindPwViewController.swift in Sources */ = {isa = PBXBuildFile; fileRef = C6326B2026CC852E006257F3 /* FindPwViewController.swift */; };
		C6326B2526CCC502006257F3 /* Create_AccountDTO_REQ.swift in Sources */ = {isa = PBXBuildFile; fileRef = C6326B2426CCC502006257F3 /* Create_AccountDTO_REQ.swift */; };
		C6326B2C26CCCC96006257F3 /* SignupRequest.swift in Sources */ = {isa = PBXBuildFile; fileRef = C6326B2B26CCCC96006257F3 /* SignupRequest.swift */; };
		C6326B2F26CCE81E006257F3 /* Login_AccountDTO_REQ.swift in Sources */ = {isa = PBXBuildFile; fileRef = C6326B2E26CCE81E006257F3 /* Login_AccountDTO_REQ.swift */; };
		C6326B3126CCE84F006257F3 /* LoginRequest.swift in Sources */ = {isa = PBXBuildFile; fileRef = C6326B3026CCE84F006257F3 /* LoginRequest.swift */; };
		C6326B3626CCFC49006257F3 /* darknight.jpg in Resources */ = {isa = PBXBuildFile; fileRef = C6326B3526CCFC49006257F3 /* darknight.jpg */; };
		C6326B3826CCFCB8006257F3 /* apple.png in Resources */ = {isa = PBXBuildFile; fileRef = C6326B3726CCFCB8006257F3 /* apple.png */; };
		C64C94C026D5D7CC00B133B0 /* MenuCell.swift in Sources */ = {isa = PBXBuildFile; fileRef = C64C94BF26D5D7CC00B133B0 /* MenuCell.swift */; };
		C64C94C526D6105200B133B0 /* AccountInfoViewController.swift in Sources */ = {isa = PBXBuildFile; fileRef = C64C94C426D6105200B133B0 /* AccountInfoViewController.swift */; };
		C65C330826CB8E5800467983 /* AppDelegate.swift in Sources */ = {isa = PBXBuildFile; fileRef = C65C330726CB8E5800467983 /* AppDelegate.swift */; };
		C65C330A26CB8E5800467983 /* SceneDelegate.swift in Sources */ = {isa = PBXBuildFile; fileRef = C65C330926CB8E5800467983 /* SceneDelegate.swift */; };
		C65C330F26CB8E5800467983 /* Main.storyboard in Resources */ = {isa = PBXBuildFile; fileRef = C65C330D26CB8E5800467983 /* Main.storyboard */; };
		C65C331226CB8E5800467983 /* Practice_Health.xcdatamodeld in Sources */ = {isa = PBXBuildFile; fileRef = C65C331026CB8E5800467983 /* Practice_Health.xcdatamodeld */; };
		C65C331426CB8E5900467983 /* Assets.xcassets in Resources */ = {isa = PBXBuildFile; fileRef = C65C331326CB8E5900467983 /* Assets.xcassets */; };
		C65C331726CB8E5900467983 /* LaunchScreen.storyboard in Resources */ = {isa = PBXBuildFile; fileRef = C65C331526CB8E5900467983 /* LaunchScreen.storyboard */; };
		C6617B4026DC5FE1000BC3DA /* InputNameViewController.swift in Sources */ = {isa = PBXBuildFile; fileRef = C6617B3F26DC5FE1000BC3DA /* InputNameViewController.swift */; };
		C6617B4226DC6A8B000BC3DA /* InputBirthViewController.swift in Sources */ = {isa = PBXBuildFile; fileRef = C6617B4126DC6A8B000BC3DA /* InputBirthViewController.swift */; };
		C6617B4426DC7781000BC3DA /* ChoiceSexViewController.swift in Sources */ = {isa = PBXBuildFile; fileRef = C6617B4326DC7781000BC3DA /* ChoiceSexViewController.swift */; };
		C6617B4626DC779A000BC3DA /* InputPhoneViewController.swift in Sources */ = {isa = PBXBuildFile; fileRef = C6617B4526DC779A000BC3DA /* InputPhoneViewController.swift */; };
		C67FE01E26D48AB800E5E5BC /* MenuViewController.swift in Sources */ = {isa = PBXBuildFile; fileRef = C67FE01D26D48AB800E5E5BC /* MenuViewController.swift */; };
		C6C6BCC326D8CF72004F5D00 /* CreatePasswordViewController.swift in Sources */ = {isa = PBXBuildFile; fileRef = C6C6BCC226D8CF72004F5D00 /* CreatePasswordViewController.swift */; };
		C6E87A5426D778B90014920A /* CreateIdViewController.swift in Sources */ = {isa = PBXBuildFile; fileRef = C6E87A5326D778B90014920A /* CreateIdViewController.swift */; };
/* End PBXBuildFile section */

/* Begin PBXFileReference section */
		C618E66126D724DC007C88BB /* ChoiceAuthViewController.swift */ = {isa = PBXFileReference; lastKnownFileType = sourcecode.swift; path = ChoiceAuthViewController.swift; sourceTree = "<group>"; };
		C6326B1826CC8189006257F3 /* LoginViewController.swift */ = {isa = PBXFileReference; lastKnownFileType = sourcecode.swift; path = LoginViewController.swift; sourceTree = "<group>"; };
		C6326B1A26CC84CB006257F3 /* MainViewController.swift */ = {isa = PBXFileReference; lastKnownFileType = sourcecode.swift; path = MainViewController.swift; sourceTree = "<group>"; };
		C6326B1E26CC84FF006257F3 /* FindIdViewController.swift */ = {isa = PBXFileReference; lastKnownFileType = sourcecode.swift; path = FindIdViewController.swift; sourceTree = "<group>"; };
		C6326B2026CC852E006257F3 /* FindPwViewController.swift */ = {isa = PBXFileReference; lastKnownFileType = sourcecode.swift; path = FindPwViewController.swift; sourceTree = "<group>"; };
		C6326B2426CCC502006257F3 /* Create_AccountDTO_REQ.swift */ = {isa = PBXFileReference; lastKnownFileType = sourcecode.swift; path = Create_AccountDTO_REQ.swift; sourceTree = "<group>"; };
		C6326B2B26CCCC96006257F3 /* SignupRequest.swift */ = {isa = PBXFileReference; lastKnownFileType = sourcecode.swift; path = SignupRequest.swift; sourceTree = "<group>"; };
		C6326B2E26CCE81E006257F3 /* Login_AccountDTO_REQ.swift */ = {isa = PBXFileReference; lastKnownFileType = sourcecode.swift; path = Login_AccountDTO_REQ.swift; sourceTree = "<group>"; };
		C6326B3026CCE84F006257F3 /* LoginRequest.swift */ = {isa = PBXFileReference; lastKnownFileType = sourcecode.swift; path = LoginRequest.swift; sourceTree = "<group>"; };
		C6326B3526CCFC49006257F3 /* darknight.jpg */ = {isa = PBXFileReference; lastKnownFileType = image.jpeg; path = darknight.jpg; sourceTree = "<group>"; };
		C6326B3726CCFCB8006257F3 /* apple.png */ = {isa = PBXFileReference; lastKnownFileType = image.png; path = apple.png; sourceTree = "<group>"; };
		C64C94BF26D5D7CC00B133B0 /* MenuCell.swift */ = {isa = PBXFileReference; lastKnownFileType = sourcecode.swift; path = MenuCell.swift; sourceTree = "<group>"; };
		C64C94C426D6105200B133B0 /* AccountInfoViewController.swift */ = {isa = PBXFileReference; lastKnownFileType = sourcecode.swift; path = AccountInfoViewController.swift; sourceTree = "<group>"; };
		C65C330726CB8E5800467983 /* AppDelegate.swift */ = {isa = PBXFileReference; lastKnownFileType = sourcecode.swift; path = AppDelegate.swift; sourceTree = "<group>"; };
		C65C330926CB8E5800467983 /* SceneDelegate.swift */ = {isa = PBXFileReference; lastKnownFileType = sourcecode.swift; path = SceneDelegate.swift; sourceTree = "<group>"; };
		C65C330E26CB8E5800467983 /* Base */ = {isa = PBXFileReference; lastKnownFileType = file.storyboard; name = Base; path = Base.lproj/Main.storyboard; sourceTree = "<group>"; };
		C65C331126CB8E5800467983 /* Practice_Health.xcdatamodel */ = {isa = PBXFileReference; lastKnownFileType = wrapper.xcdatamodel; path = Practice_Health.xcdatamodel; sourceTree = "<group>"; };
		C65C331326CB8E5900467983 /* Assets.xcassets */ = {isa = PBXFileReference; lastKnownFileType = folder.assetcatalog; path = Assets.xcassets; sourceTree = "<group>"; };
		C65C331626CB8E5900467983 /* Base */ = {isa = PBXFileReference; lastKnownFileType = file.storyboard; name = Base; path = Base.lproj/LaunchScreen.storyboard; sourceTree = "<group>"; };
		C65C331826CB8E5900467983 /* Info.plist */ = {isa = PBXFileReference; lastKnownFileType = text.plist.xml; path = Info.plist; sourceTree = "<group>"; };
		C6617B3F26DC5FE1000BC3DA /* InputNameViewController.swift */ = {isa = PBXFileReference; lastKnownFileType = sourcecode.swift; path = InputNameViewController.swift; sourceTree = "<group>"; };
		C6617B4126DC6A8B000BC3DA /* InputBirthViewController.swift */ = {isa = PBXFileReference; lastKnownFileType = sourcecode.swift; path = InputBirthViewController.swift; sourceTree = "<group>"; };
		C6617B4326DC7781000BC3DA /* ChoiceSexViewController.swift */ = {isa = PBXFileReference; lastKnownFileType = sourcecode.swift; path = ChoiceSexViewController.swift; sourceTree = "<group>"; };
		C6617B4526DC779A000BC3DA /* InputPhoneViewController.swift */ = {isa = PBXFileReference; lastKnownFileType = sourcecode.swift; path = InputPhoneViewController.swift; sourceTree = "<group>"; };
		C67FE01D26D48AB800E5E5BC /* MenuViewController.swift */ = {isa = PBXFileReference; lastKnownFileType = sourcecode.swift; path = MenuViewController.swift; sourceTree = "<group>"; };
		C6C6BCC226D8CF72004F5D00 /* CreatePasswordViewController.swift */ = {isa = PBXFileReference; lastKnownFileType = sourcecode.swift; path = CreatePasswordViewController.swift; sourceTree = "<group>"; };
		C6E87A5226D75DE00014920A /* Practice-Health.app */ = {isa = PBXFileReference; explicitFileType = wrapper.application; includeInIndex = 0; path = "Practice-Health.app"; sourceTree = BUILT_PRODUCTS_DIR; };
		C6E87A5326D778B90014920A /* CreateIdViewController.swift */ = {isa = PBXFileReference; lastKnownFileType = sourcecode.swift; path = CreateIdViewController.swift; sourceTree = "<group>"; };
/* End PBXFileReference section */

/* Begin PBXFrameworksBuildPhase section */
		C65C330126CB8E5800467983 /* Frameworks */ = {
			isa = PBXFrameworksBuildPhase;
			buildActionMask = 2147483647;
			files = (
			);
			runOnlyForDeploymentPostprocessing = 0;
		};
/* End PBXFrameworksBuildPhase section */

/* Begin PBXGroup section */
		C6326B2226CCC428006257F3 /*  DTO */ = {
			isa = PBXGroup;
			children = (
				C6326B2D26CCE804006257F3 /* Login */,
				C6326B2326CCC439006257F3 /* SignUp */,
			);
			path = " DTO";
			sourceTree = "<group>";
		};
		C6326B2326CCC439006257F3 /* SignUp */ = {
			isa = PBXGroup;
			children = (
				C6326B2426CCC502006257F3 /* Create_AccountDTO_REQ.swift */,
				C6326B2B26CCCC96006257F3 /* SignupRequest.swift */,
			);
			path = SignUp;
			sourceTree = "<group>";
		};
		C6326B2D26CCE804006257F3 /* Login */ = {
			isa = PBXGroup;
			children = (
				C6326B2E26CCE81E006257F3 /* Login_AccountDTO_REQ.swift */,
				C6326B3026CCE84F006257F3 /* LoginRequest.swift */,
			);
			path = Login;
			sourceTree = "<group>";
		};
		C6326B3226CCFB0B006257F3 /* Menu */ = {
			isa = PBXGroup;
			children = (
				C64C94C126D5DBA500B133B0 /* Controller */,
				C64C94BF26D5D7CC00B133B0 /* MenuCell.swift */,
			);
			path = Menu;
			sourceTree = "<group>";
		};
		C6326B3326CCFB5C006257F3 /* Resources */ = {
			isa = PBXGroup;
			children = (
				C6326B3726CCFCB8006257F3 /* apple.png */,
				C6326B3526CCFC49006257F3 /* darknight.jpg */,
			);
			path = Resources;
			sourceTree = "<group>";
		};
		C6326B3426CCFBC5006257F3 /* LaunchScreen */ = {
			isa = PBXGroup;
			children = (
				C65C331526CB8E5900467983 /* LaunchScreen.storyboard */,
			);
			path = LaunchScreen;
			sourceTree = "<group>";
		};
		C64C94BA26D5C5DD00B133B0 /* Main */ = {
			isa = PBXGroup;
			children = (
				C64C94C226D5DBB800B133B0 /* Controller */,
			);
			path = Main;
			sourceTree = "<group>";
		};
		C64C94BC26D5C61000B133B0 /* Account */ = {
			isa = PBXGroup;
			children = (
				C6326B2226CCC428006257F3 /*  DTO */,
				C64C94C326D5DBC200B133B0 /* Controller */,
			);
			path = Account;
			sourceTree = "<group>";
		};
		C64C94BD26D5C6C500B133B0 /* StoryBoard */ = {
			isa = PBXGroup;
			children = (
				C65C330D26CB8E5800467983 /* Main.storyboard */,
			);
			path = StoryBoard;
			sourceTree = "<group>";
		};
		C64C94BE26D5C6D200B133B0 /* Delegate */ = {
			isa = PBXGroup;
			children = (
				C65C330726CB8E5800467983 /* AppDelegate.swift */,
				C65C330926CB8E5800467983 /* SceneDelegate.swift */,
			);
			path = Delegate;
			sourceTree = "<group>";
		};
		C64C94C126D5DBA500B133B0 /* Controller */ = {
			isa = PBXGroup;
			children = (
				C67FE01D26D48AB800E5E5BC /* MenuViewController.swift */,
			);
			path = Controller;
			sourceTree = "<group>";
		};
		C64C94C226D5DBB800B133B0 /* Controller */ = {
			isa = PBXGroup;
			children = (
				C6326B1A26CC84CB006257F3 /* MainViewController.swift */,
			);
			path = Controller;
			sourceTree = "<group>";
		};
		C64C94C326D5DBC200B133B0 /* Controller */ = {
			isa = PBXGroup;
			children = (
				C6326B2026CC852E006257F3 /* FindPwViewController.swift */,
				C6326B1E26CC84FF006257F3 /* FindIdViewController.swift */,
				C6326B1826CC8189006257F3 /* LoginViewController.swift */,
				C64C94C426D6105200B133B0 /* AccountInfoViewController.swift */,
				C618E66126D724DC007C88BB /* ChoiceAuthViewController.swift */,
				C6E87A5326D778B90014920A /* CreateIdViewController.swift */,
				C6C6BCC226D8CF72004F5D00 /* CreatePasswordViewController.swift */,
				C6617B3F26DC5FE1000BC3DA /* InputNameViewController.swift */,
				C6617B4126DC6A8B000BC3DA /* InputBirthViewController.swift */,
				C6617B4326DC7781000BC3DA /* ChoiceSexViewController.swift */,
				C6617B4526DC779A000BC3DA /* InputPhoneViewController.swift */,
			);
			path = Controller;
			sourceTree = "<group>";
		};
		C65C32FB26CB8E5800467983 = {
			isa = PBXGroup;
			children = (
				C65C330626CB8E5800467983 /* Practice-Health */,
				C6E87A5226D75DE00014920A /* Practice-Health.app */,
			);
			sourceTree = "<group>";
		};
		C65C330626CB8E5800467983 /* Practice-Health */ = {
			isa = PBXGroup;
			children = (
				C6326B3226CCFB0B006257F3 /* Menu */,
				C64C94BA26D5C5DD00B133B0 /* Main */,
				C64C94BC26D5C61000B133B0 /* Account */,
				C64C94BE26D5C6D200B133B0 /* Delegate */,
				C64C94BD26D5C6C500B133B0 /* StoryBoard */,
				C6326B3426CCFBC5006257F3 /* LaunchScreen */,
				C6326B3326CCFB5C006257F3 /* Resources */,
				C65C331326CB8E5900467983 /* Assets.xcassets */,
				C65C331826CB8E5900467983 /* Info.plist */,
				C65C331026CB8E5800467983 /* Practice_Health.xcdatamodeld */,
			);
			path = "Practice-Health";
			sourceTree = "<group>";
		};
/* End PBXGroup section */

/* Begin PBXNativeTarget section */
		C65C330326CB8E5800467983 /* Practice-Health */ = {
			isa = PBXNativeTarget;
			buildConfigurationList = C65C331B26CB8E5900467983 /* Build configuration list for PBXNativeTarget "Practice-Health" */;
			buildPhases = (
				C65C330026CB8E5800467983 /* Sources */,
				C65C330126CB8E5800467983 /* Frameworks */,
				C65C330226CB8E5800467983 /* Resources */,
			);
			buildRules = (
			);
			dependencies = (
			);
			name = "Practice-Health";
			productName = "Practice-Health";
			productReference = C6E87A5226D75DE00014920A /* Practice-Health.app */;
			productType = "com.apple.product-type.application";
		};
/* End PBXNativeTarget section */

/* Begin PBXProject section */
		C65C32FC26CB8E5800467983 /* Project object */ = {
			isa = PBXProject;
			attributes = {
				BuildIndependentTargetsInParallel = 1;
				LastSwiftUpdateCheck = 1300;
				LastUpgradeCheck = 1300;
				TargetAttributes = {
					C65C330326CB8E5800467983 = {
						CreatedOnToolsVersion = 13.0;
					};
				};
			};
			buildConfigurationList = C65C32FF26CB8E5800467983 /* Build configuration list for PBXProject "Practice-Health" */;
			compatibilityVersion = "Xcode 13.0";
			developmentRegion = en;
			hasScannedForEncodings = 0;
			knownRegions = (
				en,
				Base,
			);
			mainGroup = C65C32FB26CB8E5800467983;
			productRefGroup = C65C32FB26CB8E5800467983;
			projectDirPath = "";
			projectRoot = "";
			targets = (
				C65C330326CB8E5800467983 /* Practice-Health */,
			);
		};
/* End PBXProject section */

/* Begin PBXResourcesBuildPhase section */
		C65C330226CB8E5800467983 /* Resources */ = {
			isa = PBXResourcesBuildPhase;
			buildActionMask = 2147483647;
			files = (
				C6326B3626CCFC49006257F3 /* darknight.jpg in Resources */,
				C65C331726CB8E5900467983 /* LaunchScreen.storyboard in Resources */,
				C65C331426CB8E5900467983 /* Assets.xcassets in Resources */,
				C65C330F26CB8E5800467983 /* Main.storyboard in Resources */,
				C6326B3826CCFCB8006257F3 /* apple.png in Resources */,
			);
			runOnlyForDeploymentPostprocessing = 0;
		};
/* End PBXResourcesBuildPhase section */

/* Begin PBXSourcesBuildPhase section */
		C65C330026CB8E5800467983 /* Sources */ = {
			isa = PBXSourcesBuildPhase;
			buildActionMask = 2147483647;
			files = (
				C64C94C026D5D7CC00B133B0 /* MenuCell.swift in Sources */,
				C6326B2526CCC502006257F3 /* Create_AccountDTO_REQ.swift in Sources */,
				C65C331226CB8E5800467983 /* Practice_Health.xcdatamodeld in Sources */,
				C6326B3126CCE84F006257F3 /* LoginRequest.swift in Sources */,
				C618E66226D724DC007C88BB /* ChoiceAuthViewController.swift in Sources */,
				C6E87A5426D778B90014920A /* CreateIdViewController.swift in Sources */,
				C64C94C526D6105200B133B0 /* AccountInfoViewController.swift in Sources */,
				C6326B2C26CCCC96006257F3 /* SignupRequest.swift in Sources */,
				C65C330826CB8E5800467983 /* AppDelegate.swift in Sources */,
				C6326B1926CC8189006257F3 /* LoginViewController.swift in Sources */,
				C67FE01E26D48AB800E5E5BC /* MenuViewController.swift in Sources */,
				C6617B4026DC5FE1000BC3DA /* InputNameViewController.swift in Sources */,
				C6617B4226DC6A8B000BC3DA /* InputBirthViewController.swift in Sources */,
				C6326B2126CC852E006257F3 /* FindPwViewController.swift in Sources */,
				C6C6BCC326D8CF72004F5D00 /* CreatePasswordViewController.swift in Sources */,
				C6326B1F26CC84FF006257F3 /* FindIdViewController.swift in Sources */,
				C65C330A26CB8E5800467983 /* SceneDelegate.swift in Sources */,
				C6326B2F26CCE81E006257F3 /* Login_AccountDTO_REQ.swift in Sources */,
				C6617B4626DC779A000BC3DA /* InputPhoneViewController.swift in Sources */,
				C6617B4426DC7781000BC3DA /* ChoiceSexViewController.swift in Sources */,
				C6326B1B26CC84CB006257F3 /* MainViewController.swift in Sources */,
			);
			runOnlyForDeploymentPostprocessing = 0;
		};
/* End PBXSourcesBuildPhase section */

/* Begin PBXVariantGroup section */
		C65C330D26CB8E5800467983 /* Main.storyboard */ = {
			isa = PBXVariantGroup;
			children = (
				C65C330E26CB8E5800467983 /* Base */,
			);
			name = Main.storyboard;
			sourceTree = "<group>";
		};
		C65C331526CB8E5900467983 /* LaunchScreen.storyboard */ = {
			isa = PBXVariantGroup;
			children = (
				C65C331626CB8E5900467983 /* Base */,
			);
			name = LaunchScreen.storyboard;
			sourceTree = "<group>";
		};
/* End PBXVariantGroup section */

/* Begin XCBuildConfiguration section */
		C65C331926CB8E5900467983 /* Debug */ = {
			isa = XCBuildConfiguration;
			buildSettings = {
				ALWAYS_SEARCH_USER_PATHS = NO;
				CLANG_ANALYZER_NONNULL = YES;
				CLANG_ANALYZER_NUMBER_OBJECT_CONVERSION = YES_AGGRESSIVE;
				CLANG_CXX_LANGUAGE_STANDARD = "gnu++17";
				CLANG_CXX_LIBRARY = "libc++";
				CLANG_ENABLE_MODULES = YES;
				CLANG_ENABLE_OBJC_ARC = YES;
				CLANG_ENABLE_OBJC_WEAK = YES;
				CLANG_WARN_BLOCK_CAPTURE_AUTORELEASING = YES;
				CLANG_WARN_BOOL_CONVERSION = YES;
				CLANG_WARN_COMMA = YES;
				CLANG_WARN_CONSTANT_CONVERSION = YES;
				CLANG_WARN_DEPRECATED_OBJC_IMPLEMENTATIONS = YES;
				CLANG_WARN_DIRECT_OBJC_ISA_USAGE = YES_ERROR;
				CLANG_WARN_DOCUMENTATION_COMMENTS = YES;
				CLANG_WARN_EMPTY_BODY = YES;
				CLANG_WARN_ENUM_CONVERSION = YES;
				CLANG_WARN_INFINITE_RECURSION = YES;
				CLANG_WARN_INT_CONVERSION = YES;
				CLANG_WARN_NON_LITERAL_NULL_CONVERSION = YES;
				CLANG_WARN_OBJC_IMPLICIT_RETAIN_SELF = YES;
				CLANG_WARN_OBJC_LITERAL_CONVERSION = YES;
				CLANG_WARN_OBJC_ROOT_CLASS = YES_ERROR;
				CLANG_WARN_QUOTED_INCLUDE_IN_FRAMEWORK_HEADER = YES;
				CLANG_WARN_RANGE_LOOP_ANALYSIS = YES;
				CLANG_WARN_STRICT_PROTOTYPES = YES;
				CLANG_WARN_SUSPICIOUS_MOVE = YES;
				CLANG_WARN_UNGUARDED_AVAILABILITY = YES_AGGRESSIVE;
				CLANG_WARN_UNREACHABLE_CODE = YES;
				CLANG_WARN__DUPLICATE_METHOD_MATCH = YES;
				COPY_PHASE_STRIP = NO;
				DEBUG_INFORMATION_FORMAT = dwarf;
				ENABLE_STRICT_OBJC_MSGSEND = YES;
				ENABLE_TESTABILITY = YES;
				GCC_C_LANGUAGE_STANDARD = gnu11;
				GCC_DYNAMIC_NO_PIC = NO;
				GCC_NO_COMMON_BLOCKS = YES;
				GCC_OPTIMIZATION_LEVEL = 0;
				GCC_PREPROCESSOR_DEFINITIONS = (
					"DEBUG=1",
					"$(inherited)",
				);
				GCC_WARN_64_TO_32_BIT_CONVERSION = YES;
				GCC_WARN_ABOUT_RETURN_TYPE = YES_ERROR;
				GCC_WARN_UNDECLARED_SELECTOR = YES;
				GCC_WARN_UNINITIALIZED_AUTOS = YES_AGGRESSIVE;
				GCC_WARN_UNUSED_FUNCTION = YES;
				GCC_WARN_UNUSED_VARIABLE = YES;
				IPHONEOS_DEPLOYMENT_TARGET = 15.0;
				MTL_ENABLE_DEBUG_INFO = INCLUDE_SOURCE;
				MTL_FAST_MATH = YES;
				ONLY_ACTIVE_ARCH = YES;
				SDKROOT = iphoneos;
				SWIFT_ACTIVE_COMPILATION_CONDITIONS = DEBUG;
				SWIFT_OPTIMIZATION_LEVEL = "-Onone";
			};
			name = Debug;
		};
		C65C331A26CB8E5900467983 /* Release */ = {
			isa = XCBuildConfiguration;
			buildSettings = {
				ALWAYS_SEARCH_USER_PATHS = NO;
				CLANG_ANALYZER_NONNULL = YES;
				CLANG_ANALYZER_NUMBER_OBJECT_CONVERSION = YES_AGGRESSIVE;
				CLANG_CXX_LANGUAGE_STANDARD = "gnu++17";
				CLANG_CXX_LIBRARY = "libc++";
				CLANG_ENABLE_MODULES = YES;
				CLANG_ENABLE_OBJC_ARC = YES;
				CLANG_ENABLE_OBJC_WEAK = YES;
				CLANG_WARN_BLOCK_CAPTURE_AUTORELEASING = YES;
				CLANG_WARN_BOOL_CONVERSION = YES;
				CLANG_WARN_COMMA = YES;
				CLANG_WARN_CONSTANT_CONVERSION = YES;
				CLANG_WARN_DEPRECATED_OBJC_IMPLEMENTATIONS = YES;
				CLANG_WARN_DIRECT_OBJC_ISA_USAGE = YES_ERROR;
				CLANG_WARN_DOCUMENTATION_COMMENTS = YES;
				CLANG_WARN_EMPTY_BODY = YES;
				CLANG_WARN_ENUM_CONVERSION = YES;
				CLANG_WARN_INFINITE_RECURSION = YES;
				CLANG_WARN_INT_CONVERSION = YES;
				CLANG_WARN_NON_LITERAL_NULL_CONVERSION = YES;
				CLANG_WARN_OBJC_IMPLICIT_RETAIN_SELF = YES;
				CLANG_WARN_OBJC_LITERAL_CONVERSION = YES;
				CLANG_WARN_OBJC_ROOT_CLASS = YES_ERROR;
				CLANG_WARN_QUOTED_INCLUDE_IN_FRAMEWORK_HEADER = YES;
				CLANG_WARN_RANGE_LOOP_ANALYSIS = YES;
				CLANG_WARN_STRICT_PROTOTYPES = YES;
				CLANG_WARN_SUSPICIOUS_MOVE = YES;
				CLANG_WARN_UNGUARDED_AVAILABILITY = YES_AGGRESSIVE;
				CLANG_WARN_UNREACHABLE_CODE = YES;
				CLANG_WARN__DUPLICATE_METHOD_MATCH = YES;
				COPY_PHASE_STRIP = NO;
				DEBUG_INFORMATION_FORMAT = "dwarf-with-dsym";
				ENABLE_NS_ASSERTIONS = NO;
				ENABLE_STRICT_OBJC_MSGSEND = YES;
				GCC_C_LANGUAGE_STANDARD = gnu11;
				GCC_NO_COMMON_BLOCKS = YES;
				GCC_WARN_64_TO_32_BIT_CONVERSION = YES;
				GCC_WARN_ABOUT_RETURN_TYPE = YES_ERROR;
				GCC_WARN_UNDECLARED_SELECTOR = YES;
				GCC_WARN_UNINITIALIZED_AUTOS = YES_AGGRESSIVE;
				GCC_WARN_UNUSED_FUNCTION = YES;
				GCC_WARN_UNUSED_VARIABLE = YES;
				IPHONEOS_DEPLOYMENT_TARGET = 15.0;
				MTL_ENABLE_DEBUG_INFO = NO;
				MTL_FAST_MATH = YES;
				SDKROOT = iphoneos;
				SWIFT_COMPILATION_MODE = wholemodule;
				SWIFT_OPTIMIZATION_LEVEL = "-O";
				VALIDATE_PRODUCT = YES;
			};
			name = Release;
		};
		C65C331C26CB8E5900467983 /* Debug */ = {
			isa = XCBuildConfiguration;
			buildSettings = {
				ASSETCATALOG_COMPILER_APPICON_NAME = AppIcon;
				ASSETCATALOG_COMPILER_GLOBAL_ACCENT_COLOR_NAME = AccentColor;
				CODE_SIGN_STYLE = Automatic;
				CURRENT_PROJECT_VERSION = 1;
				DEVELOPMENT_TEAM = 455SDFM2ZV;
				GENERATE_INFOPLIST_FILE = YES;
				INFOPLIST_FILE = "Practice-Health/Info.plist";
				INFOPLIST_KEY_UIApplicationSupportsIndirectInputEvents = YES;
				INFOPLIST_KEY_UILaunchStoryboardName = LaunchScreen;
				INFOPLIST_KEY_UIMainStoryboardFile = Main;
				INFOPLIST_KEY_UISupportedInterfaceOrientations_iPad = "UIInterfaceOrientationPortrait UIInterfaceOrientationPortraitUpsideDown UIInterfaceOrientationLandscapeLeft UIInterfaceOrientationLandscapeRight";
				INFOPLIST_KEY_UISupportedInterfaceOrientations_iPhone = "UIInterfaceOrientationPortrait UIInterfaceOrientationLandscapeLeft UIInterfaceOrientationLandscapeRight";
				IPHONEOS_DEPLOYMENT_TARGET = 13.0;
				LD_RUNPATH_SEARCH_PATHS = (
					"$(inherited)",
					"@executable_path/Frameworks",
				);
				MARKETING_VERSION = 1.0;
				PRODUCT_BUNDLE_IDENTIFIER = "com.motcenter.Practice-Health";
				PRODUCT_NAME = "$(TARGET_NAME)";
				SWIFT_EMIT_LOC_STRINGS = YES;
				SWIFT_OBJC_BRIDGING_HEADER = "";
				SWIFT_VERSION = 5.0;
				TARGETED_DEVICE_FAMILY = 1;
			};
			name = Debug;
		};
		C65C331D26CB8E5900467983 /* Release */ = {
			isa = XCBuildConfiguration;
			buildSettings = {
				ASSETCATALOG_COMPILER_APPICON_NAME = AppIcon;
				ASSETCATALOG_COMPILER_GLOBAL_ACCENT_COLOR_NAME = AccentColor;
				CODE_SIGN_STYLE = Automatic;
				CURRENT_PROJECT_VERSION = 1;
				DEVELOPMENT_TEAM = 455SDFM2ZV;
				GENERATE_INFOPLIST_FILE = YES;
				INFOPLIST_FILE = "Practice-Health/Info.plist";
				INFOPLIST_KEY_UIApplicationSupportsIndirectInputEvents = YES;
				INFOPLIST_KEY_UILaunchStoryboardName = LaunchScreen;
				INFOPLIST_KEY_UIMainStoryboardFile = Main;
				INFOPLIST_KEY_UISupportedInterfaceOrientations_iPad = "UIInterfaceOrientationPortrait UIInterfaceOrientationPortraitUpsideDown UIInterfaceOrientationLandscapeLeft UIInterfaceOrientationLandscapeRight";
				INFOPLIST_KEY_UISupportedInterfaceOrientations_iPhone = "UIInterfaceOrientationPortrait UIInterfaceOrientationLandscapeLeft UIInterfaceOrientationLandscapeRight";
				IPHONEOS_DEPLOYMENT_TARGET = 13.0;
				LD_RUNPATH_SEARCH_PATHS = (
					"$(inherited)",
					"@executable_path/Frameworks",
				);
				MARKETING_VERSION = 1.0;
				PRODUCT_BUNDLE_IDENTIFIER = "com.motcenter.Practice-Health";
				PRODUCT_NAME = "$(TARGET_NAME)";
				SWIFT_EMIT_LOC_STRINGS = YES;
				SWIFT_OBJC_BRIDGING_HEADER = "";
				SWIFT_VERSION = 5.0;
				TARGETED_DEVICE_FAMILY = 1;
			};
			name = Release;
		};
/* End XCBuildConfiguration section */

/* Begin XCConfigurationList section */
		C65C32FF26CB8E5800467983 /* Build configuration list for PBXProject "Practice-Health" */ = {
			isa = XCConfigurationList;
			buildConfigurations = (
				C65C331926CB8E5900467983 /* Debug */,
				C65C331A26CB8E5900467983 /* Release */,
			);
			defaultConfigurationIsVisible = 0;
			defaultConfigurationName = Release;
		};
		C65C331B26CB8E5900467983 /* Build configuration list for PBXNativeTarget "Practice-Health" */ = {
			isa = XCConfigurationList;
			buildConfigurations = (
				C65C331C26CB8E5900467983 /* Debug */,
				C65C331D26CB8E5900467983 /* Release */,
			);
			defaultConfigurationIsVisible = 0;
			defaultConfigurationName = Release;
		};
/* End XCConfigurationList section */

/* Begin XCVersionGroup section */
		C65C331026CB8E5800467983 /* Practice_Health.xcdatamodeld */ = {
			isa = XCVersionGroup;
			children = (
				C65C331126CB8E5800467983 /* Practice_Health.xcdatamodel */,
			);
			currentVersion = C65C331126CB8E5800467983 /* Practice_Health.xcdatamodel */;
			path = Practice_Health.xcdatamodeld;
			sourceTree = "<group>";
			versionGroupType = wrapper.xcdatamodel;
		};
/* End XCVersionGroup section */
	};
	rootObject = C65C32FC26CB8E5800467983 /* Project object */;
}
